github.com/SamvelHov02/HomeCloudHTTP v0.0.0-20251011173231-e3b1d52289d0 h1:cYi+l1Rocf4Cgg3eAzEjeU5m/h7lZxQmmyCxiwiyHXM=
github.com/SamvelHov02/HomeCloudHTTP v0.0.0-20251011173231-e3b1d52289d0/go.mod h1:WZw+7BAnZyUOQbwJdbJBjRQFhdoh43nVj1ZJz8iaO7c=
github.com/SamvelHov02/HomeCloudHTTP v0.0.0-20251011231427-03e1758bacb4 h1:7BobD/yserow6aX/TUgZuS/WU8rkckCL91rwcVTSZ8o=
github.com/SamvelHov02/HomeCloudHTTP v0.0.0-20251011231427-03e1758bacb4/go.mod h1:WZw+7BAnZyUOQbwJdbJBjRQFhdoh43nVj1ZJz8iaO7c=
