github.com/SamvelHov02/HomeCloudHTTP v0.0.0-20251011231427-03e1758bacb4 h1:7BobD/yserow6aX/TUgZuS/WU8rkckCL91rwcVTSZ8o=
github.com/SamvelHov02/HomeCloudHTTP v0.0.0-20251011231427-03e1758bacb4/go.mod h1:WZw+7BAnZyUOQbwJdbJBjRQFhdoh43nVj1ZJz8iaO7c=
github.com/SamvelHov02/HomeCloudHTTP v0.0.0-20251012150657-845df5198be2 h1:+g0bfoh8QmWoiwWXrtMgQ+BSgfCsWPceC1V+/GHs3YM=
github.com/SamvelHov02/HomeCloudHTTP v0.0.0-20251012150657-845df5198be2/go.mod h1:WZw+7BAnZyUOQbwJdbJBjRQFhdoh43nVj1ZJz8iaO7c=
